# This file is autogenerated, do not edit; changes may be undone by the next 'dep ensure'.


[[projects]]
  branch = "master"
  name = "github.com/NYTimes/gziphandler"
  packages = ["."]
  revision = "97ae7fbaf81620fe97840685304a78a306a39c64"

[[projects]]
  branch = "master"
  name = "github.com/bouk/httprouter"
  packages = ["."]
  revision = "ee8b3818a7f51fbc94cc709b5744b52c2c725e91"

[[projects]]
  branch = "master"
  name = "github.com/elazarl/go-bindata-assetfs"
  packages = ["."]
  revision = "30f82fa23fd844bd5bb1e5f216db87fd77b5eb43"

[[projects]]
  branch = "master"
  name = "github.com/fortytw2/dockertest"
  packages = ["."]
  revision = "d3a414f43fc65848bd96d2c6e344dd8119b1b250"

[[projects]]
  branch = "master"
  name = "github.com/lib/pq"
  packages = [".","oid"]
  revision = "23da1db4f16d9658a86ae9b717c245fc078f10f1"

[[projects]]
  branch = "master"
  name = "github.com/microcosm-cc/bluemonday"
  packages = ["."]
  revision = "68fecaef60268522d2ac3f0123cec9d3bcab7b6e"

[[projects]]
  name = "github.com/stripe/stripe-go"
  packages = [".","account","balance","bankaccount","bitcoinreceiver","bitcointransaction","card","charge","client","countryspec","coupon","customer","discount","dispute","ephemeralkey","event","fee","feerefund","fileupload","form","invoice","invoiceitem","loginlink","order","orderitem","orderreturn","paymentsource","payout","plan","product","recipient","refund","reversal","sku","source","sub","subitem","token","transfer"]
  revision = "fd984f4cf0352b66a98d2e7902ee8a71c11d65d1"
  version = "v27.0.1"

[[projects]]
  branch = "master"
  name = "golang.org/x/net"
  packages = ["html","html/atom"]
  revision = "0744d001aa8470aaa53df28d32e5ceeb8af9bd70"

[solve-meta]
  analyzer-name = "dep"
  analyzer-version = 1
  inputs-digest = "40148e2a100c629c26a921c9dd10dbce3c9d50d3962e9b21c9ca48a8f1c5930c"
  solver-name = "gps-cdcl"
  solver-version = 1
