# This file is autogenerated, do not edit; changes may be undone by the next 'dep ensure'.


[[projects]]
  branch = "master"
  digest = "1:4c49e96ee46e641a63c13bc63c4462c1930a059d4c4529c684c95a27597f40ea"
  name = "github.com/NYTimes/gziphandler"
  packages = ["."]
  pruneopts = ""
  revision = "edf8477e0cb3b93a0a1e0550cb0869e1f64f6398"

[[projects]]
  digest = "1:90272eae3bf75d2aa681ff3eee6cf4f49e8b06db533dc9c830ef214e5abbaaf2"
  name = "github.com/Puerkitobio/goquery"
  packages = ["."]
  pruneopts = ""
  revision = "dc2ec5c7ca4d9aae063b79b9f581dd3ea6afd2b2"
  version = "v1.4.1"

[[projects]]
  digest = "1:4d0cb5aec47a2aec8b8b211540dc59902f8f00d571281356597b41ae349f4885"
  name = "github.com/andybalholm/cascadia"
  packages = ["."]
  pruneopts = ""
  revision = "901648c87902174f774fac311d7f176f8647bdaa"
  version = "v1.0.0"

[[projects]]
  branch = "master"
  digest = "1:e2750240971714d4cfda0b593b5f6b5fcb46798e5b6b721b930af4ad22fb9075"
  name = "github.com/elazarl/go-bindata-assetfs"
  packages = ["."]
  pruneopts = ""
  revision = "38087fe4dafb822e541b3f7955075cc1c30bd294"

[[projects]]
  branch = "master"
  digest = "1:00d13bcfc40a41518fdcca61b61e865d36a5cd9437fb81cf435815a31fff0a56"
  name = "github.com/fortytw2/dockertest"
  packages = ["."]
  pruneopts = ""
  revision = "a73397bdeff4b713648d4b2e7fc655eb9a85fb6b"

[[projects]]
  branch = "master"
  digest = "1:2f22df23fa4f83691f72e0645ac4fcb4816c5cc33163e868e4af8ef71f16a368"
  name = "github.com/google/uuid"
  packages = ["."]
  pruneopts = ""
  revision = "dec09d789f3dba190787f8b4454c7d3c936fed9e"

[[projects]]
  branch = "master"
  digest = "1:93aa9a867e2ece59b5c0488e4eb9b3fc440e76c4b00aa22887e2691c9d56007d"
  name = "github.com/heroku/x"
  packages = [
    "hmetrics",
    "hmetrics/onload",
  ]
  pruneopts = ""
  revision = "1de401e1ba0e5db3e5c15d2faeee777e0b685700"

[[projects]]
  branch = "master"
  digest = "1:6b8e4fbd48235132eb66a4adea7acb0a2bd1271f543d54415d0c3174823efa37"
  name = "github.com/lib/pq"
  packages = [
    ".",
    "oid",
  ]
  pruneopts = ""
  revision = "90697d60dd844d5ef6ff15135d0203f65d2f53b8"

[[projects]]
  digest = "1:666aa9adea209a9df7267b3a0bfdaa802dcd470d6e1cb8e8b4ca14425b2024eb"
  name = "github.com/microcosm-cc/bluemonday"
  packages = ["."]
  pruneopts = ""
  revision = "dafebb5b6ff2861a0d69af64991e10866c19be85"
  version = "v1.0.0"

[[projects]]
  digest = "1:94e9081cc450d2cdf4e6886fc2c06c07272f86477df2d74ee5931951fa3d2577"
  name = "github.com/oklog/run"
  packages = ["."]
  pruneopts = ""
  revision = "4dadeb3030eda0273a12382bb2348ffc7c9d1a39"
  version = "v1.0.0"

[[projects]]
  digest = "1:47de06cb54e1564ec0a018fda46111615fe60d8b9e7c6e534135a0965b6ab629"
  name = "github.com/stripe/stripe-go"
  packages = [
    ".",
    "account",
    "applepaydomain",
    "balance",
    "bankaccount",
    "bitcoinreceiver",
    "bitcointransaction",
    "card",
    "charge",
    "client",
    "countryspec",
    "coupon",
    "customer",
    "discount",
    "dispute",
    "ephemeralkey",
    "event",
    "exchangerate",
    "fee",
    "feerefund",
    "filelink",
    "fileupload",
    "form",
    "invoice",
    "invoiceitem",
    "issuerfraudrecord",
    "issuing/authorization",
    "issuing/card",
    "issuing/cardholder",
    "issuing/dispute",
    "issuing/transaction",
    "loginlink",
    "order",
    "orderreturn",
    "paymentintent",
    "paymentsource",
    "payout",
    "plan",
    "product",
    "recipient",
    "refund",
    "reversal",
    "sigma/scheduledqueryrun",
    "sku",
    "source",
    "sourcetransaction",
    "sub",
    "subitem",
    "token",
    "topup",
    "transfer",
    "usagerecord",
  ]
  pruneopts = ""
  revision = "f39e8e589d583b215516f338374e1a85394fa665"
  version = "v41.0.0"

[[projects]]
  branch = "master"
  digest = "1:2eac3eb8dcaa260aa6a0267d4541313760a4b526b591aa5311670daef78a974f"
  name = "golang.org/x/net"
  packages = [
    "html",
    "html/atom",
  ]
  pruneopts = ""
  revision = "aaf60122140d3fcf75376d319f0554393160eb50"

[solve-meta]
  analyzer-name = "dep"
  analyzer-version = 1
  input-imports = [
    "github.com/NYTimes/gziphandler",
    "github.com/Puerkitobio/goquery",
    "github.com/elazarl/go-bindata-assetfs",
    "github.com/fortytw2/dockertest",
    "github.com/google/uuid",
    "github.com/heroku/x/hmetrics/onload",
    "github.com/lib/pq",
    "github.com/microcosm-cc/bluemonday",
    "github.com/oklog/run",
    "github.com/stripe/stripe-go",
    "github.com/stripe/stripe-go/client",
    "github.com/stripe/stripe-go/customer",
    "github.com/stripe/stripe-go/sub",
    "golang.org/x/net/html",
  ]
  solver-name = "gps-cdcl"
  solver-version = 1
